
Microsoft Visual Studio Solution File, Format Version 12.00
# Visual Studio 14
VisualStudioVersion = 14.0.23107.0
MinimumVisualStudioVersion = 10.0.40219.1
Project("{8BC9CEB8-8B4A-11D0-8D11-00A0C91BC942}") = "Modeler2", "Modeler1.vcxproj", "{656F5FBE-9FAB-4C5B-8CDB-35D391D1541F}"
EndProject
Project("{FAE04EC0-301F-11D3-BF4B-00C04F79EFBC}") = "AssemblyExtractor", "..\AssemblyExtractor\AssemblyExtractor.csproj", "{B7DCF22F-C5DB-412D-AE86-90296D12867A}"
EndProject
Project("{FAE04EC0-301F-11D3-BF4B-00C04F79EFBC}") = "TestAssemblyExtractor", "..\TestAssemblyExtractor\TestAssemblyExtractor.csproj", "{EDE63098-AF08-4008-AAE5-68DBDFEC3343}"
EndProject
Global
	GlobalSection(SolutionConfigurationPlatforms) = preSolution
		Debug|Any CPU = Debug|Any CPU
		Debug|Win32 = Debug|Win32
		Debug|x64 = Debug|x64
		Release|Any CPU = Release|Any CPU
		Release|Win32 = Release|Win32
		Release|x64 = Release|x64
	EndGlobalSection
	GlobalSection(ProjectConfigurationPlatforms) = postSolution
		{656F5FBE-9FAB-4C5B-8CDB-35D391D1541F}.Debug|Any CPU.ActiveCfg = Debug|Win32
		{656F5FBE-9FAB-4C5B-8CDB-35D391D1541F}.Debug|Win32.ActiveCfg = Debug|Win32
		{656F5FBE-9FAB-4C5B-8CDB-35D391D1541F}.Debug|Win32.Build.0 = Debug|Win32
		{656F5FBE-9FAB-4C5B-8CDB-35D391D1541F}.Debug|x64.ActiveCfg = Debug|Win32
		{656F5FBE-9FAB-4C5B-8CDB-35D391D1541F}.Release|Any CPU.ActiveCfg = Release|Win32
		{656F5FBE-9FAB-4C5B-8CDB-35D391D1541F}.Release|Win32.ActiveCfg = Release|Win32
		{656F5FBE-9FAB-4C5B-8CDB-35D391D1541F}.Release|Win32.Build.0 = Release|Win32
		{656F5FBE-9FAB-4C5B-8CDB-35D391D1541F}.Release|x64.ActiveCfg = Release|Win32
		{B7DCF22F-C5DB-412D-AE86-90296D12867A}.Debug|Any CPU.ActiveCfg = Debug|Any CPU
		{B7DCF22F-C5DB-412D-AE86-90296D12867A}.Debug|Any CPU.Build.0 = Debug|Any CPU
		{B7DCF22F-C5DB-412D-AE86-90296D12867A}.Debug|Win32.ActiveCfg = Debug|Any CPU
		{B7DCF22F-C5DB-412D-AE86-90296D12867A}.Debug|Win32.Build.0 = Debug|Any CPU
		{B7DCF22F-C5DB-412D-AE86-90296D12867A}.Debug|x64.ActiveCfg = Debug|Any CPU
		{B7DCF22F-C5DB-412D-AE86-90296D12867A}.Debug|x64.Build.0 = Debug|Any CPU
		{B7DCF22F-C5DB-412D-AE86-90296D12867A}.Release|Any CPU.ActiveCfg = Release|Any CPU
		{B7DCF22F-C5DB-412D-AE86-90296D12867A}.Release|Any CPU.Build.0 = Release|Any CPU
		{B7DCF22F-C5DB-412D-AE86-90296D12867A}.Release|Win32.ActiveCfg = Release|Any CPU
		{B7DCF22F-C5DB-412D-AE86-90296D12867A}.Release|Win32.Build.0 = Release|Any CPU
		{B7DCF22F-C5DB-412D-AE86-90296D12867A}.Release|x64.ActiveCfg = Release|Any CPU
		{B7DCF22F-C5DB-412D-AE86-90296D12867A}.Release|x64.Build.0 = Release|Any CPU
		{EDE63098-AF08-4008-AAE5-68DBDFEC3343}.Debug|Any CPU.ActiveCfg = Debug|Any CPU
		{EDE63098-AF08-4008-AAE5-68DBDFEC3343}.Debug|Any CPU.Build.0 = Debug|Any CPU
		{EDE63098-AF08-4008-AAE5-68DBDFEC3343}.Debug|Win32.ActiveCfg = Debug|Any CPU
		{EDE63098-AF08-4008-AAE5-68DBDFEC3343}.Debug|Win32.Build.0 = Debug|Any CPU
		{EDE63098-AF08-4008-AAE5-68DBDFEC3343}.Debug|x64.ActiveCfg = Debug|Any CPU
		{EDE63098-AF08-4008-AAE5-68DBDFEC3343}.Debug|x64.Build.0 = Debug|Any CPU
		{EDE63098-AF08-4008-AAE5-68DBDFEC3343}.Release|Any CPU.ActiveCfg = Release|Any CPU
		{EDE63098-AF08-4008-AAE5-68DBDFEC3343}.Release|Any CPU.Build.0 = Release|Any CPU
		{EDE63098-AF08-4008-AAE5-68DBDFEC3343}.Release|Win32.ActiveCfg = Release|Any CPU
		{EDE63098-AF08-4008-AAE5-68DBDFEC3343}.Release|Win32.Build.0 = Release|Any CPU
		{EDE63098-AF08-4008-AAE5-68DBDFEC3343}.Release|x64.ActiveCfg = Release|Any CPU
		{EDE63098-AF08-4008-AAE5-68DBDFEC3343}.Release|x64.Build.0 = Release|Any CPU
	EndGlobalSection
	GlobalSection(SolutionProperties) = preSolution
		HideSolutionNode = FALSE
	EndGlobalSection
	GlobalSection(TeamFoundationVersionControl) = preSolution
		SccNumberOfProjects = 4
		SccEnterpriseProvider = {4CA58AB2-18FA-4F8D-95D4-32DDF27D184C}
		SccTeamFoundationServer = https://christophep.visualstudio.com/
		SccLocalPath0 = .
		SccProjectUniqueName1 = ..\\AssemblyExtractor\\AssemblyExtractor.csproj
		SccProjectName1 = ../AssemblyExtractor
		SccLocalPath1 = ..\\AssemblyExtractor
		SccProjectUniqueName2 = Modeler1.vcxproj
		SccLocalPath2 = .
		SccProjectUniqueName3 = ..\\TestAssemblyExtractor\\TestAssemblyExtractor.csproj
		SccProjectName3 = ../TestAssemblyExtractor
		SccLocalPath3 = ..\\TestAssemblyExtractor
	EndGlobalSection
EndGlobal
